
Microsoft Visual Studio Solution File, Format Version 12.00
# Visual Studio Version 16
VisualStudioVersion = 16.0.31005.135
MinimumVisualStudioVersion = 10.0.40219.1
Project("{FAE04EC0-301F-11D3-BF4B-00C04F79EFBC}") = "SchoolLibrary3", "SchoolLibrary3\SchoolLibrary3.csproj", "{AB627BEB-878B-45BA-A9BF-02878381A2D1}"
EndProject
Global
	GlobalSection(SolutionConfigurationPlatforms) = preSolution
		Debug|Any CPU = Debug|Any CPU
		Release|Any CPU = Release|Any CPU
	EndGlobalSection
	GlobalSection(ProjectConfigurationPlatforms) = postSolution
		{AB627BEB-878B-45BA-A9BF-02878381A2D1}.Debug|Any CPU.ActiveCfg = Debug|Any CPU
		{AB627BEB-878B-45BA-A9BF-02878381A2D1}.Debug|Any CPU.Build.0 = Debug|Any CPU
		{AB627BEB-878B-45BA-A9BF-02878381A2D1}.Release|Any CPU.ActiveCfg = Release|Any CPU
		{AB627BEB-878B-45BA-A9BF-02878381A2D1}.Release|Any CPU.Build.0 = Release|Any CPU
	EndGlobalSection
	GlobalSection(SolutionProperties) = preSolution
		HideSolutionNode = FALSE
	EndGlobalSection
	GlobalSection(ExtensibilityGlobals) = postSolution
		SolutionGuid = {AA492E28-5425-47D5-8332-D9D62EEBE909}
	EndGlobalSection
EndGlobal
